
Microsoft Visual Studio Solution File, Format Version 12.00
# Visual Studio Version 17
VisualStudioVersion = 17.3.32819.101
MinimumVisualStudioVersion = 10.0.40219.1
Project("{FAE04EC0-301F-11D3-BF4B-00C04F79EFBC}") = "Test BAD", "Test BAD\Test BAD.csproj", "{582AFB20-464E-448A-B38D-18FAE6664C42}"
EndProject
Project("{54435603-DBB4-11D2-8724-00A0C9A8B90C}") = "TestBAD2023", "TestBAD2023\TestBAD2023.vdproj", "{A0539D35-88DB-457D-83F0-B4DDEDEE9233}"
EndProject
Global
	GlobalSection(SolutionConfigurationPlatforms) = preSolution
		Debug|Any CPU = Debug|Any CPU
		Release|Any CPU = Release|Any CPU
	EndGlobalSection
	GlobalSection(ProjectConfigurationPlatforms) = postSolution
		{582AFB20-464E-448A-B38D-18FAE6664C42}.Debug|Any CPU.ActiveCfg = Debug|Any CPU
		{582AFB20-464E-448A-B38D-18FAE6664C42}.Debug|Any CPU.Build.0 = Debug|Any CPU
		{582AFB20-464E-448A-B38D-18FAE6664C42}.Release|Any CPU.ActiveCfg = Release|Any CPU
		{582AFB20-464E-448A-B38D-18FAE6664C42}.Release|Any CPU.Build.0 = Release|Any CPU
		{A0539D35-88DB-457D-83F0-B4DDEDEE9233}.Debug|Any CPU.ActiveCfg = Debug
		{A0539D35-88DB-457D-83F0-B4DDEDEE9233}.Release|Any CPU.ActiveCfg = Release
	EndGlobalSection
	GlobalSection(SolutionProperties) = preSolution
		HideSolutionNode = FALSE
	EndGlobalSection
	GlobalSection(ExtensibilityGlobals) = postSolution
		SolutionGuid = {95973038-8F2E-4BBE-8784-868B7D77E96D}
	EndGlobalSection
EndGlobal
